
Microsoft Visual Studio Solution File, Format Version 12.00
# Visual Studio 15
VisualStudioVersion = 15.0.28307.329
MinimumVisualStudioVersion = 10.0.40219.1
Project("{FAE04EC0-301F-11D3-BF4B-00C04F79EFBC}") = "VideoChat", "VideoChat\VideoChat.csproj", "{5D455167-7C63-4295-8B56-E4919A5A5A36}"
EndProject
Global
	GlobalSection(SolutionConfigurationPlatforms) = preSolution
		Debug|Any CPU = Debug|Any CPU
		Release|Any CPU = Release|Any CPU
	EndGlobalSection
	GlobalSection(ProjectConfigurationPlatforms) = postSolution
		{5D455167-7C63-4295-8B56-E4919A5A5A36}.Debug|Any CPU.ActiveCfg = Debug|Any CPU
		{5D455167-7C63-4295-8B56-E4919A5A5A36}.Debug|Any CPU.Build.0 = Debug|Any CPU
		{5D455167-7C63-4295-8B56-E4919A5A5A36}.Release|Any CPU.ActiveCfg = Release|Any CPU
		{5D455167-7C63-4295-8B56-E4919A5A5A36}.Release|Any CPU.Build.0 = Release|Any CPU
	EndGlobalSection
	GlobalSection(SolutionProperties) = preSolution
		HideSolutionNode = FALSE
	EndGlobalSection
	GlobalSection(ExtensibilityGlobals) = postSolution
		SolutionGuid = {D37C05F6-41D0-48BC-8C99-886059DEBE13}
	EndGlobalSection
EndGlobal
